// !$*UTF8*$!
{
	archiveVersion = 1;
	classes = {
	};
	objectVersion = 46;
	objects = {

/* Begin PBXBuildFile section */
		9564F4E01F58801100B2195B /* AppDelegate.swift in Sources */ = {isa = PBXBuildFile; fileRef = 9564F4DF1F58801100B2195B /* AppDelegate.swift */; };
		9564F4E21F58801100B2195B /* ViewController.swift in Sources */ = {isa = PBXBuildFile; fileRef = 9564F4E11F58801100B2195B /* ViewController.swift */; };
		9564F4E51F58801100B2195B /* Main.storyboard in Resources */ = {isa = PBXBuildFile; fileRef = 9564F4E31F58801100B2195B /* Main.storyboard */; };
		9564F4E71F58801100B2195B /* Assets.xcassets in Resources */ = {isa = PBXBuildFile; fileRef = 9564F4E61F58801100B2195B /* Assets.xcassets */; };
		9564F4EA1F58801100B2195B /* LaunchScreen.storyboard in Resources */ = {isa = PBXBuildFile; fileRef = 9564F4E81F58801100B2195B /* LaunchScreen.storyboard */; };
		9564F4F51F58801100B2195B /* World_TrotterTests.swift in Sources */ = {isa = PBXBuildFile; fileRef = 9564F4F41F58801100B2195B /* World_TrotterTests.swift */; };
		9564F5001F58801200B2195B /* World_TrotterUITests.swift in Sources */ = {isa = PBXBuildFile; fileRef = 9564F4FF1F58801200B2195B /* World_TrotterUITests.swift */; };
/* End PBXBuildFile section */

/* Begin PBXContainerItemProxy section */
		9564F4F11F58801100B2195B /* PBXContainerItemProxy */ = {
			isa = PBXContainerItemProxy;
			containerPortal = 9564F4D41F58801100B2195B /* Project object */;
			proxyType = 1;
			remoteGlobalIDString = 9564F4DB1F58801100B2195B;
			remoteInfo = "World Trotter";
		};
		9564F4FC1F58801100B2195B /* PBXContainerItemProxy */ = {
			isa = PBXContainerItemProxy;
			containerPortal = 9564F4D41F58801100B2195B /* Project object */;
			proxyType = 1;
			remoteGlobalIDString = 9564F4DB1F58801100B2195B;
			remoteInfo = "World Trotter";
		};
/* End PBXContainerItemProxy section */

/* Begin PBXFileReference section */
		9564F4DC1F58801100B2195B /* World Trotter.app */ = {isa = PBXFileReference; explicitFileType = wrapper.application; includeInIndex = 0; path = "World Trotter.app"; sourceTree = BUILT_PRODUCTS_DIR; };
		9564F4DF1F58801100B2195B /* AppDelegate.swift */ = {isa = PBXFileReference; lastKnownFileType = sourcecode.swift; path = AppDelegate.swift; sourceTree = "<group>"; };
		9564F4E11F58801100B2195B /* ViewController.swift */ = {isa = PBXFileReference; lastKnownFileType = sourcecode.swift; path = ViewController.swift; sourceTree = "<group>"; };
		9564F4E41F58801100B2195B /* Base */ = {isa = PBXFileReference; lastKnownFileType = file.storyboard; name = Base; path = Base.lproj/Main.storyboard; sourceTree = "<group>"; };
		9564F4E61F58801100B2195B /* Assets.xcassets */ = {isa = PBXFileReference; lastKnownFileType = folder.assetcatalog; path = Assets.xcassets; sourceTree = "<group>"; };
		9564F4E91F58801100B2195B /* Base */ = {isa = PBXFileReference; lastKnownFileType = file.storyboard; name = Base; path = Base.lproj/LaunchScreen.storyboard; sourceTree = "<group>"; };
		9564F4EB1F58801100B2195B /* Info.plist */ = {isa = PBXFileReference; lastKnownFileType = text.plist.xml; path = Info.plist; sourceTree = "<group>"; };
		9564F4F01F58801100B2195B /* World TrotterTests.xctest */ = {isa = PBXFileReference; explicitFileType = wrapper.cfbundle; includeInIndex = 0; path = "World TrotterTests.xctest"; sourceTree = BUILT_PRODUCTS_DIR; };
		9564F4F41F58801100B2195B /* World_TrotterTests.swift */ = {isa = PBXFileReference; lastKnownFileType = sourcecode.swift; path = World_TrotterTests.swift; sourceTree = "<group>"; };
		9564F4F61F58801100B2195B /* Info.plist */ = {isa = PBXFileReference; lastKnownFileType = text.plist.xml; path = Info.plist; sourceTree = "<group>"; };
		9564F4FB1F58801100B2195B /* World TrotterUITests.xctest */ = {isa = PBXFileReference; explicitFileType = wrapper.cfbundle; includeInIndex = 0; path = "World TrotterUITests.xctest"; sourceTree = BUILT_PRODUCTS_DIR; };
		9564F4FF1F58801200B2195B /* World_TrotterUITests.swift */ = {isa = PBXFileReference; lastKnownFileType = sourcecode.swift; path = World_TrotterUITests.swift; sourceTree = "<group>"; };
		9564F5011F58801200B2195B /* Info.plist */ = {isa = PBXFileReference; lastKnownFileType = text.plist.xml; path = Info.plist; sourceTree = "<group>"; };
/* End PBXFileReference section */

/* Begin PBXFrameworksBuildPhase section */
		9564F4D91F58801100B2195B /* Frameworks */ = {
			isa = PBXFrameworksBuildPhase;
			buildActionMask = 2147483647;
			files = (
			);
			runOnlyForDeploymentPostprocessing = 0;
		};
		9564F4ED1F58801100B2195B /* Frameworks */ = {
			isa = PBXFrameworksBuildPhase;
			buildActionMask = 2147483647;
			files = (
			);
			runOnlyForDeploymentPostprocessing = 0;
		};
		9564F4F81F58801100B2195B /* Frameworks */ = {
			isa = PBXFrameworksBuildPhase;
			buildActionMask = 2147483647;
			files = (
			);
			runOnlyForDeploymentPostprocessing = 0;
		};
/* End PBXFrameworksBuildPhase section */

/* Begin PBXGroup section */
		9564F4D31F58801100B2195B = {
			isa = PBXGroup;
			children = (
				9564F4DE1F58801100B2195B /* World Trotter */,
				9564F4F31F58801100B2195B /* World TrotterTests */,
				9564F4FE1F58801200B2195B /* World TrotterUITests */,
				9564F4DD1F58801100B2195B /* Products */,
			);
			sourceTree = "<group>";
		};
		9564F4DD1F58801100B2195B /* Products */ = {
			isa = PBXGroup;
			children = (
				9564F4DC1F58801100B2195B /* World Trotter.app */,
				9564F4F01F58801100B2195B /* World TrotterTests.xctest */,
				9564F4FB1F58801100B2195B /* World TrotterUITests.xctest */,
			);
			name = Products;
			sourceTree = "<group>";
		};
		9564F4DE1F58801100B2195B /* World Trotter */ = {
			isa = PBXGroup;
			children = (
				9564F4DF1F58801100B2195B /* AppDelegate.swift */,
				9564F4E11F58801100B2195B /* ViewController.swift */,
				9564F4E31F58801100B2195B /* Main.storyboard */,
				9564F4E61F58801100B2195B /* Assets.xcassets */,
				9564F4E81F58801100B2195B /* LaunchScreen.storyboard */,
				9564F4EB1F58801100B2195B /* Info.plist */,
			);
			path = "World Trotter";
			sourceTree = "<group>";
		};
		9564F4F31F58801100B2195B /* World TrotterTests */ = {
			isa = PBXGroup;
			children = (
				9564F4F41F58801100B2195B /* World_TrotterTests.swift */,
				9564F4F61F58801100B2195B /* Info.plist */,
			);
			path = "World TrotterTests";
			sourceTree = "<group>";
		};
		9564F4FE1F58801200B2195B /* World TrotterUITests */ = {
			isa = PBXGroup;
			children = (
				9564F4FF1F58801200B2195B /* World_TrotterUITests.swift */,
				9564F5011F58801200B2195B /* Info.plist */,
			);
			path = "World TrotterUITests";
			sourceTree = "<group>";
		};
/* End PBXGroup section */

/* Begin PBXNativeTarget section */
		9564F4DB1F58801100B2195B /* World Trotter */ = {
			isa = PBXNativeTarget;
			buildConfigurationList = 9564F5041F58801200B2195B /* Build configuration list for PBXNativeTarget "World Trotter" */;
			buildPhases = (
				9564F4D81F58801100B2195B /* Sources */,
				9564F4D91F58801100B2195B /* Frameworks */,
				9564F4DA1F58801100B2195B /* Resources */,
			);
			buildRules = (
			);
			dependencies = (
			);
			name = "World Trotter";
			productName = "World Trotter";
			productReference = 9564F4DC1F58801100B2195B /* World Trotter.app */;
			productType = "com.apple.product-type.application";
		};
		9564F4EF1F58801100B2195B /* World TrotterTests */ = {
			isa = PBXNativeTarget;
			buildConfigurationList = 9564F5071F58801200B2195B /* Build configuration list for PBXNativeTarget "World TrotterTests" */;
			buildPhases = (
				9564F4EC1F58801100B2195B /* Sources */,
				9564F4ED1F58801100B2195B /* Frameworks */,
				9564F4EE1F58801100B2195B /* Resources */,
			);
			buildRules = (
			);
			dependencies = (
				9564F4F21F58801100B2195B /* PBXTargetDependency */,
			);
			name = "World TrotterTests";
			productName = "World TrotterTests";
			productReference = 9564F4F01F58801100B2195B /* World TrotterTests.xctest */;
			productType = "com.apple.product-type.bundle.unit-test";
		};
		9564F4FA1F58801100B2195B /* World TrotterUITests */ = {
			isa = PBXNativeTarget;
			buildConfigurationList = 9564F50A1F58801200B2195B /* Build configuration list for PBXNativeTarget "World TrotterUITests" */;
			buildPhases = (
				9564F4F71F58801100B2195B /* Sources */,
				9564F4F81F58801100B2195B /* Frameworks */,
				9564F4F91F58801100B2195B /* Resources */,
			);
			buildRules = (
			);
			dependencies = (
				9564F4FD1F58801100B2195B /* PBXTargetDependency */,
			);
			name = "World TrotterUITests";
			productName = "World TrotterUITests";
			productReference = 9564F4FB1F58801100B2195B /* World TrotterUITests.xctest */;
			productType = "com.apple.product-type.bundle.ui-testing";
		};
/* End PBXNativeTarget section */

/* Begin PBXProject section */
		9564F4D41F58801100B2195B /* Project object */ = {
			isa = PBXProject;
			attributes = {
				LastSwiftUpdateCheck = 0830;
				LastUpgradeCheck = 0830;
				ORGANIZATIONNAME = "Brown Space Mango";
				TargetAttributes = {
					9564F4DB1F58801100B2195B = {
						CreatedOnToolsVersion = 8.3.3;
						ProvisioningStyle = Automatic;
					};
					9564F4EF1F58801100B2195B = {
						CreatedOnToolsVersion = 8.3.3;
						ProvisioningStyle = Automatic;
						TestTargetID = 9564F4DB1F58801100B2195B;
					};
					9564F4FA1F58801100B2195B = {
						CreatedOnToolsVersion = 8.3.3;
						ProvisioningStyle = Automatic;
						TestTargetID = 9564F4DB1F58801100B2195B;
					};
				};
			};
			buildConfigurationList = 9564F4D71F58801100B2195B /* Build configuration list for PBXProject "World Trotter" */;
			compatibilityVersion = "Xcode 3.2";
			developmentRegion = English;
			hasScannedForEncodings = 0;
			knownRegions = (
				en,
				Base,
			);
			mainGroup = 9564F4D31F58801100B2195B;
			productRefGroup = 9564F4DD1F58801100B2195B /* Products */;
			projectDirPath = "";
			projectRoot = "";
			targets = (
				9564F4DB1F58801100B2195B /* World Trotter */,
				9564F4EF1F58801100B2195B /* World TrotterTests */,
				9564F4FA1F58801100B2195B /* World TrotterUITests */,
			);
		};
/* End PBXProject section */

/* Begin PBXResourcesBuildPhase section */
		9564F4DA1F58801100B2195B /* Resources */ = {
			isa = PBXResourcesBuildPhase;
			buildActionMask = 2147483647;
			files = (
				9564F4EA1F58801100B2195B /* LaunchScreen.storyboard in Resources */,
				9564F4E71F58801100B2195B /* Assets.xcassets in Resources */,
				9564F4E51F58801100B2195B /* Main.storyboard in Resources */,
			);
			runOnlyForDeploymentPostprocessing = 0;
		};
		9564F4EE1F58801100B2195B /* Resources */ = {
			isa = PBXResourcesBuildPhase;
			buildActionMask = 2147483647;
			files = (
			);
			runOnlyForDeploymentPostprocessing = 0;
		};
		9564F4F91F58801100B2195B /* Resources */ = {
			isa = PBXResourcesBuildPhase;
			buildActionMask = 2147483647;
			files = (
			);
			runOnlyForDeploymentPostprocessing = 0;
		};
/* End PBXResourcesBuildPhase section */

/* Begin PBXSourcesBuildPhase section */
		9564F4D81F58801100B2195B /* Sources */ = {
			isa = PBXSourcesBuildPhase;
			buildActionMask = 2147483647;
			files = (
				9564F4E21F58801100B2195B /* ViewController.swift in Sources */,
				9564F4E01F58801100B2195B /* AppDelegate.swift in Sources */,
			);
			runOnlyForDeploymentPostprocessing = 0;
		};
		9564F4EC1F58801100B2195B /* Sources */ = {
			isa = PBXSourcesBuildPhase;
			buildActionMask = 2147483647;
			files = (
				9564F4F51F58801100B2195B /* World_TrotterTests.swift in Sources */,
			);
			runOnlyForDeploymentPostprocessing = 0;
		};
		9564F4F71F58801100B2195B /* Sources */ = {
			isa = PBXSourcesBuildPhase;
			buildActionMask = 2147483647;
			files = (
				9564F5001F58801200B2195B /* World_TrotterUITests.swift in Sources */,
			);
			runOnlyForDeploymentPostprocessing = 0;
		};
/* End PBXSourcesBuildPhase section */

/* Begin PBXTargetDependency section */
		9564F4F21F58801100B2195B /* PBXTargetDependency */ = {
			isa = PBXTargetDependency;
			target = 9564F4DB1F58801100B2195B /* World Trotter */;
			targetProxy = 9564F4F11F58801100B2195B /* PBXContainerItemProxy */;
		};
		9564F4FD1F58801100B2195B /* PBXTargetDependency */ = {
			isa = PBXTargetDependency;
			target = 9564F4DB1F58801100B2195B /* World Trotter */;
			targetProxy = 9564F4FC1F58801100B2195B /* PBXContainerItemProxy */;
		};
/* End PBXTargetDependency section */

/* Begin PBXVariantGroup section */
		9564F4E31F58801100B2195B /* Main.storyboard */ = {
			isa = PBXVariantGroup;
			children = (
				9564F4E41F58801100B2195B /* Base */,
			);
			name = Main.storyboard;
			sourceTree = "<group>";
		};
		9564F4E81F58801100B2195B /* LaunchScreen.storyboard */ = {
			isa = PBXVariantGroup;
			children = (
				9564F4E91F58801100B2195B /* Base */,
			);
			name = LaunchScreen.storyboard;
			sourceTree = "<group>";
		};
/* End PBXVariantGroup section */

/* Begin XCBuildConfiguration section */
		9564F5021F58801200B2195B /* Debug */ = {
			isa = XCBuildConfiguration;
			buildSettings = {
				ALWAYS_SEARCH_USER_PATHS = NO;
				CLANG_ANALYZER_NONNULL = YES;
				CLANG_ANALYZER_NUMBER_OBJECT_CONVERSION = YES_AGGRESSIVE;
				CLANG_CXX_LANGUAGE_STANDARD = "gnu++0x";
				CLANG_CXX_LIBRARY = "libc++";
				CLANG_ENABLE_MODULES = YES;
				CLANG_ENABLE_OBJC_ARC = YES;
				CLANG_WARN_BOOL_CONVERSION = YES;
				CLANG_WARN_CONSTANT_CONVERSION = YES;
				CLANG_WARN_DIRECT_OBJC_ISA_USAGE = YES_ERROR;
				CLANG_WARN_DOCUMENTATION_COMMENTS = YES;
				CLANG_WARN_EMPTY_BODY = YES;
				CLANG_WARN_ENUM_CONVERSION = YES;
				CLANG_WARN_INFINITE_RECURSION = YES;
				CLANG_WARN_INT_CONVERSION = YES;
				CLANG_WARN_OBJC_ROOT_CLASS = YES_ERROR;
				CLANG_WARN_SUSPICIOUS_MOVE = YES;
				CLANG_WARN_UNREACHABLE_CODE = YES;
				CLANG_WARN__DUPLICATE_METHOD_MATCH = YES;
				"CODE_SIGN_IDENTITY[sdk=iphoneos*]" = "iPhone Developer";
				COPY_PHASE_STRIP = NO;
				DEBUG_INFORMATION_FORMAT = dwarf;
				ENABLE_STRICT_OBJC_MSGSEND = YES;
				ENABLE_TESTABILITY = YES;
				GCC_C_LANGUAGE_STANDARD = gnu99;
				GCC_DYNAMIC_NO_PIC = NO;
				GCC_NO_COMMON_BLOCKS = YES;
				GCC_OPTIMIZATION_LEVEL = 0;
				GCC_PREPROCESSOR_DEFINITIONS = (
					"DEBUG=1",
					"$(inherited)",
				);
				GCC_WARN_64_TO_32_BIT_CONVERSION = YES;
				GCC_WARN_ABOUT_RETURN_TYPE = YES_ERROR;
				GCC_WARN_UNDECLARED_SELECTOR = YES;
				GCC_WARN_UNINITIALIZED_AUTOS = YES_AGGRESSIVE;
				GCC_WARN_UNUSED_FUNCTION = YES;
				GCC_WARN_UNUSED_VARIABLE = YES;
				IPHONEOS_DEPLOYMENT_TARGET = 10.3;
				MTL_ENABLE_DEBUG_INFO = YES;
				ONLY_ACTIVE_ARCH = YES;
				SDKROOT = iphoneos;
				SWIFT_ACTIVE_COMPILATION_CONDITIONS = DEBUG;
				SWIFT_OPTIMIZATION_LEVEL = "-Onone";
				TARGETED_DEVICE_FAMILY = "1,2";
			};
			name = Debug;
		};
		9564F5031F58801200B2195B /* Release */ = {
			isa = XCBuildConfiguration;
			buildSettings = {
				ALWAYS_SEARCH_USER_PATHS = NO;
				CLANG_ANALYZER_NONNULL = YES;
				CLANG_ANALYZER_NUMBER_OBJECT_CONVERSION = YES_AGGRESSIVE;
				CLANG_CXX_LANGUAGE_STANDARD = "gnu++0x";
				CLANG_CXX_LIBRARY = "libc++";
				CLANG_ENABLE_MODULES = YES;
				CLANG_ENABLE_OBJC_ARC = YES;
				CLANG_WARN_BOOL_CONVERSION = YES;
				CLANG_WARN_CONSTANT_CONVERSION = YES;
				CLANG_WARN_DIRECT_OBJC_ISA_USAGE = YES_ERROR;
				CLANG_WARN_DOCUMENTATION_COMMENTS = YES;
				CLANG_WARN_EMPTY_BODY = YES;
				CLANG_WARN_ENUM_CONVERSION = YES;
				CLANG_WARN_INFINITE_RECURSION = YES;
				CLANG_WARN_INT_CONVERSION = YES;
				CLANG_WARN_OBJC_ROOT_CLASS = YES_ERROR;
				CLANG_WARN_SUSPICIOUS_MOVE = YES;
				CLANG_WARN_UNREACHABLE_CODE = YES;
				CLANG_WARN__DUPLICATE_METHOD_MATCH = YES;
				"CODE_SIGN_IDENTITY[sdk=iphoneos*]" = "iPhone Developer";
				COPY_PHASE_STRIP = NO;
				DEBUG_INFORMATION_FORMAT = "dwarf-with-dsym";
				ENABLE_NS_ASSERTIONS = NO;
				ENABLE_STRICT_OBJC_MSGSEND = YES;
				GCC_C_LANGUAGE_STANDARD = gnu99;
				GCC_NO_COMMON_BLOCKS = YES;
				GCC_WARN_64_TO_32_BIT_CONVERSION = YES;
				GCC_WARN_ABOUT_RETURN_TYPE = YES_ERROR;
				GCC_WARN_UNDECLARED_SELECTOR = YES;
				GCC_WARN_UNINITIALIZED_AUTOS = YES_AGGRESSIVE;
				GCC_WARN_UNUSED_FUNCTION = YES;
				GCC_WARN_UNUSED_VARIABLE = YES;
				IPHONEOS_DEPLOYMENT_TARGET = 10.3;
				MTL_ENABLE_DEBUG_INFO = NO;
				SDKROOT = iphoneos;
				SWIFT_OPTIMIZATION_LEVEL = "-Owholemodule";
				TARGETED_DEVICE_FAMILY = "1,2";
				VALIDATE_PRODUCT = YES;
			};
			name = Release;
		};
		9564F5051F58801200B2195B /* Debug */ = {
			isa = XCBuildConfiguration;
			buildSettings = {
				ASSETCATALOG_COMPILER_APPICON_NAME = AppIcon;
				INFOPLIST_FILE = "World Trotter/Info.plist";
				LD_RUNPATH_SEARCH_PATHS = "$(inherited) @executable_path/Frameworks";
				PRODUCT_BUNDLE_IDENTIFIER = "com.BrownSpaceMango.World-Trotter";
				PRODUCT_NAME = "$(TARGET_NAME)";
				SWIFT_VERSION = 3.0;
			};
			name = Debug;
		};
		9564F5061F58801200B2195B /* Release */ = {
			isa = XCBuildConfiguration;
			buildSettings = {
				ASSETCATALOG_COMPILER_APPICON_NAME = AppIcon;
				INFOPLIST_FILE = "World Trotter/Info.plist";
				LD_RUNPATH_SEARCH_PATHS = "$(inherited) @executable_path/Frameworks";
				PRODUCT_BUNDLE_IDENTIFIER = "com.BrownSpaceMango.World-Trotter";
				PRODUCT_NAME = "$(TARGET_NAME)";
				SWIFT_VERSION = 3.0;
			};
			name = Release;
		};
		9564F5081F58801200B2195B /* Debug */ = {
			isa = XCBuildConfiguration;
			buildSettings = {
				ALWAYS_EMBED_SWIFT_STANDARD_LIBRARIES = YES;
				BUNDLE_LOADER = "$(TEST_HOST)";
				INFOPLIST_FILE = "World TrotterTests/Info.plist";
				LD_RUNPATH_SEARCH_PATHS = "$(inherited) @executable_path/Frameworks @loader_path/Frameworks";
				PRODUCT_BUNDLE_IDENTIFIER = "com.BrownSpaceMango.World-TrotterTests";
				PRODUCT_NAME = "$(TARGET_NAME)";
				SWIFT_VERSION = 3.0;
				TEST_HOST = "$(BUILT_PRODUCTS_DIR)/World Trotter.app/World Trotter";
			};
			name = Debug;
		};
		9564F5091F58801200B2195B /* Release */ = {
			isa = XCBuildConfiguration;
			buildSettings = {
				ALWAYS_EMBED_SWIFT_STANDARD_LIBRARIES = YES;
				BUNDLE_LOADER = "$(TEST_HOST)";
				INFOPLIST_FILE = "World TrotterTests/Info.plist";
				LD_RUNPATH_SEARCH_PATHS = "$(inherited) @executable_path/Frameworks @loader_path/Frameworks";
				PRODUCT_BUNDLE_IDENTIFIER = "com.BrownSpaceMango.World-TrotterTests";
				PRODUCT_NAME = "$(TARGET_NAME)";
				SWIFT_VERSION = 3.0;
				TEST_HOST = "$(BUILT_PRODUCTS_DIR)/World Trotter.app/World Trotter";
			};
			name = Release;
		};
		9564F50B1F58801200B2195B /* Debug */ = {
			isa = XCBuildConfiguration;
			buildSettings = {
				ALWAYS_EMBED_SWIFT_STANDARD_LIBRARIES = YES;
				INFOPLIST_FILE = "World TrotterUITests/Info.plist";
				LD_RUNPATH_SEARCH_PATHS = "$(inherited) @executable_path/Frameworks @loader_path/Frameworks";
				PRODUCT_BUNDLE_IDENTIFIER = "com.BrownSpaceMango.World-TrotterUITests";
				PRODUCT_NAME = "$(TARGET_NAME)";
				SWIFT_VERSION = 3.0;
				TEST_TARGET_NAME = "World Trotter";
			};
			name = Debug;
		};
		9564F50C1F58801200B2195B /* Release */ = {
			isa = XCBuildConfiguration;
			buildSettings = {
				ALWAYS_EMBED_SWIFT_STANDARD_LIBRARIES = YES;
				INFOPLIST_FILE = "World TrotterUITests/Info.plist";
				LD_RUNPATH_SEARCH_PATHS = "$(inherited) @executable_path/Frameworks @loader_path/Frameworks";
				PRODUCT_BUNDLE_IDENTIFIER = "com.BrownSpaceMango.World-TrotterUITests";
				PRODUCT_NAME = "$(TARGET_NAME)";
				SWIFT_VERSION = 3.0;
				TEST_TARGET_NAME = "World Trotter";
			};
			name = Release;
		};
/* End XCBuildConfiguration section */

/* Begin XCConfigurationList section */
		9564F4D71F58801100B2195B /* Build configuration list for PBXProject "World Trotter" */ = {
			isa = XCConfigurationList;
			buildConfigurations = (
				9564F5021F58801200B2195B /* Debug */,
				9564F5031F58801200B2195B /* Release */,
			);
			defaultConfigurationIsVisible = 0;
			defaultConfigurationName = Release;
		};
		9564F5041F58801200B2195B /* Build configuration list for PBXNativeTarget "World Trotter" */ = {
			isa = XCConfigurationList;
			buildConfigurations = (
				9564F5051F58801200B2195B /* Debug */,
				9564F5061F58801200B2195B /* Release */,
			);
			defaultConfigurationIsVisible = 0;
		};
		9564F5071F58801200B2195B /* Build configuration list for PBXNativeTarget "World TrotterTests" */ = {
			isa = XCConfigurationList;
			buildConfigurations = (
				9564F5081F58801200B2195B /* Debug */,
				9564F5091F58801200B2195B /* Release */,
			);
			defaultConfigurationIsVisible = 0;
		};
		9564F50A1F58801200B2195B /* Build configuration list for PBXNativeTarget "World TrotterUITests" */ = {
			isa = XCConfigurationList;
			buildConfigurations = (
				9564F50B1F58801200B2195B /* Debug */,
				9564F50C1F58801200B2195B /* Release */,
			);
			defaultConfigurationIsVisible = 0;
		};
/* End XCConfigurationList section */
	};
	rootObject = 9564F4D41F58801100B2195B /* Project object */;
}
